// !$*UTF8*$!
{
	archiveVersion = 1;
	classes = {
	};
	objectVersion = 56;
	objects = {

/* Begin PBXBuildFile section */
		BB020DE92CA87EEE009AAA42 /* OnboardingView.swift in Sources */ = {isa = PBXBuildFile; fileRef = BB020DE82CA87EEE009AAA42 /* OnboardingView.swift */; };
		BB020DEB2CA89BA1009AAA42 /* OnboardingViewModel.swift in Sources */ = {isa = PBXBuildFile; fileRef = BB020DEA2CA89BA1009AAA42 /* OnboardingViewModel.swift */; };
		BB34E96B2C90368B0028F674 /* PhotosView.swift in Sources */ = {isa = PBXBuildFile; fileRef = BB34E96A2C90368B0028F674 /* PhotosView.swift */; };
		BB34E96D2C9036B20028F674 /* ReelsView.swift in Sources */ = {isa = PBXBuildFile; fileRef = BB34E96C2C9036B20028F674 /* ReelsView.swift */; };
		BB34E9702C90481D0028F674 /* GalleryView.swift in Sources */ = {isa = PBXBuildFile; fileRef = BB34E96F2C90481D0028F674 /* GalleryView.swift */; };
		BB34E9742C9048910028F674 /* ItemsGridView.swift in Sources */ = {isa = PBXBuildFile; fileRef = BB34E9732C9048910028F674 /* ItemsGridView.swift */; };
		BB34E9762C9048FE0028F674 /* GalleryViewModel.swift in Sources */ = {isa = PBXBuildFile; fileRef = BB34E9752C9048FE0028F674 /* GalleryViewModel.swift */; };
		BB34E9782C904B9E0028F674 /* Constants.swift in Sources */ = {isa = PBXBuildFile; fileRef = BB34E9772C904B9E0028F674 /* Constants.swift */; };
		BB34E97B2C904F910028F674 /* SelectableImage.swift in Sources */ = {isa = PBXBuildFile; fileRef = BB34E97A2C904F910028F674 /* SelectableImage.swift */; };
		BBC03DE52C8FAC2E004688A4 /* InstagramGridPreviewApp.swift in Sources */ = {isa = PBXBuildFile; fileRef = BBC03DE42C8FAC2E004688A4 /* InstagramGridPreviewApp.swift */; };
		BBC03DE72C8FAC2E004688A4 /* ContentView.swift in Sources */ = {isa = PBXBuildFile; fileRef = BBC03DE62C8FAC2E004688A4 /* ContentView.swift */; };
		BBC03DE92C8FAC2E004688A4 /* Assets.xcassets in Resources */ = {isa = PBXBuildFile; fileRef = BBC03DE82C8FAC2E004688A4 /* Assets.xcassets */; };
		BBC03DEC2C8FAC2E004688A4 /* Preview Assets.xcassets in Resources */ = {isa = PBXBuildFile; fileRef = BBC03DEB2C8FAC2E004688A4 /* Preview Assets.xcassets */; };
		BBC03DF12C8FAC2E004688A4 /* ImageModel.xcdatamodeld in Sources */ = {isa = PBXBuildFile; fileRef = BBC03DEF2C8FAC2E004688A4 /* ImageModel.xcdatamodeld */; };
		BBC03DFB2C8FAC2F004688A4 /* InstagramGridPreviewTests.swift in Sources */ = {isa = PBXBuildFile; fileRef = BBC03DFA2C8FAC2F004688A4 /* InstagramGridPreviewTests.swift */; };
		BBC03E052C8FAC2F004688A4 /* InstagramGridPreviewUITests.swift in Sources */ = {isa = PBXBuildFile; fileRef = BBC03E042C8FAC2F004688A4 /* InstagramGridPreviewUITests.swift */; };
		BBC03E072C8FAC2F004688A4 /* InstagramGridPreviewUITestsLaunchTests.swift in Sources */ = {isa = PBXBuildFile; fileRef = BBC03E062C8FAC2F004688A4 /* InstagramGridPreviewUITestsLaunchTests.swift */; };
		BBC03E1A2C8FAD7D004688A4 /* ImagePickerView.swift in Sources */ = {isa = PBXBuildFile; fileRef = BBC03E192C8FAD7D004688A4 /* ImagePickerView.swift */; };
		BBC03E1C2C8FAD8C004688A4 /* HomeView.swift in Sources */ = {isa = PBXBuildFile; fileRef = BBC03E1B2C8FAD8C004688A4 /* HomeView.swift */; };
		BBC03E1E2C8FADBE004688A4 /* HomeViewModel.swift in Sources */ = {isa = PBXBuildFile; fileRef = BBC03E1D2C8FADBE004688A4 /* HomeViewModel.swift */; };
		BBC03E202C8FADE2004688A4 /* PersistenceController.swift in Sources */ = {isa = PBXBuildFile; fileRef = BBC03E1F2C8FADE2004688A4 /* PersistenceController.swift */; };
		BBEC5FC12C95BE5000BB0F03 /* ReordableForEach.swift in Sources */ = {isa = PBXBuildFile; fileRef = BBEC5FC02C95BE5000BB0F03 /* ReordableForEach.swift */; };
		BBEC5FC32C95BEC000BB0F03 /* ReordableDragRelocate.swift in Sources */ = {isa = PBXBuildFile; fileRef = BBEC5FC22C95BEC000BB0F03 /* ReordableDragRelocate.swift */; };
		BBFF11992C948C5C002A7BFB /* Extension.swift in Sources */ = {isa = PBXBuildFile; fileRef = BBFF11982C948C5C002A7BFB /* Extension.swift */; };
		BBFF11A82C94A5FD002A7BFB /* Localizable.xcstrings in Resources */ = {isa = PBXBuildFile; fileRef = BBFF11A72C94A5FD002A7BFB /* Localizable.xcstrings */; };
/* End PBXBuildFile section */

/* Begin PBXContainerItemProxy section */
		BBC03DF72C8FAC2E004688A4 /* PBXContainerItemProxy */ = {
			isa = PBXContainerItemProxy;
			containerPortal = BBC03DD92C8FAC2D004688A4 /* Project object */;
			proxyType = 1;
			remoteGlobalIDString = BBC03DE02C8FAC2D004688A4;
			remoteInfo = InstagramGridPreview;
		};
		BBC03E012C8FAC2F004688A4 /* PBXContainerItemProxy */ = {
			isa = PBXContainerItemProxy;
			containerPortal = BBC03DD92C8FAC2D004688A4 /* Project object */;
			proxyType = 1;
			remoteGlobalIDString = BBC03DE02C8FAC2D004688A4;
			remoteInfo = InstagramGridPreview;
		};
/* End PBXContainerItemProxy section */

/* Begin PBXFileReference section */
		BB020DE82CA87EEE009AAA42 /* OnboardingView.swift */ = {isa = PBXFileReference; lastKnownFileType = sourcecode.swift; path = OnboardingView.swift; sourceTree = "<group>"; };
		BB020DEA2CA89BA1009AAA42 /* OnboardingViewModel.swift */ = {isa = PBXFileReference; lastKnownFileType = sourcecode.swift; path = OnboardingViewModel.swift; sourceTree = "<group>"; };
		BB34E96A2C90368B0028F674 /* PhotosView.swift */ = {isa = PBXFileReference; lastKnownFileType = sourcecode.swift; path = PhotosView.swift; sourceTree = "<group>"; };
		BB34E96C2C9036B20028F674 /* ReelsView.swift */ = {isa = PBXFileReference; lastKnownFileType = sourcecode.swift; path = ReelsView.swift; sourceTree = "<group>"; };
		BB34E96F2C90481D0028F674 /* GalleryView.swift */ = {isa = PBXFileReference; lastKnownFileType = sourcecode.swift; path = GalleryView.swift; sourceTree = "<group>"; };
		BB34E9732C9048910028F674 /* ItemsGridView.swift */ = {isa = PBXFileReference; lastKnownFileType = sourcecode.swift; path = ItemsGridView.swift; sourceTree = "<group>"; };
		BB34E9752C9048FE0028F674 /* GalleryViewModel.swift */ = {isa = PBXFileReference; lastKnownFileType = sourcecode.swift; path = GalleryViewModel.swift; sourceTree = "<group>"; };
		BB34E9772C904B9E0028F674 /* Constants.swift */ = {isa = PBXFileReference; lastKnownFileType = sourcecode.swift; path = Constants.swift; sourceTree = "<group>"; };
		BB34E97A2C904F910028F674 /* SelectableImage.swift */ = {isa = PBXFileReference; lastKnownFileType = sourcecode.swift; path = SelectableImage.swift; sourceTree = "<group>"; };
		BBC03DE12C8FAC2E004688A4 /* InstagramGridPreview.app */ = {isa = PBXFileReference; explicitFileType = wrapper.application; includeInIndex = 0; path = InstagramGridPreview.app; sourceTree = BUILT_PRODUCTS_DIR; };
		BBC03DE42C8FAC2E004688A4 /* InstagramGridPreviewApp.swift */ = {isa = PBXFileReference; lastKnownFileType = sourcecode.swift; path = InstagramGridPreviewApp.swift; sourceTree = "<group>"; };
		BBC03DE62C8FAC2E004688A4 /* ContentView.swift */ = {isa = PBXFileReference; lastKnownFileType = sourcecode.swift; path = ContentView.swift; sourceTree = "<group>"; };
		BBC03DE82C8FAC2E004688A4 /* Assets.xcassets */ = {isa = PBXFileReference; lastKnownFileType = folder.assetcatalog; path = Assets.xcassets; sourceTree = "<group>"; };
		BBC03DEB2C8FAC2E004688A4 /* Preview Assets.xcassets */ = {isa = PBXFileReference; lastKnownFileType = folder.assetcatalog; path = "Preview Assets.xcassets"; sourceTree = "<group>"; };
		BBC03DF02C8FAC2E004688A4 /* InstagramGridPreview.xcdatamodel */ = {isa = PBXFileReference; lastKnownFileType = wrapper.xcdatamodel; path = InstagramGridPreview.xcdatamodel; sourceTree = "<group>"; };
		BBC03DF62C8FAC2E004688A4 /* InstagramGridPreviewTests.xctest */ = {isa = PBXFileReference; explicitFileType = wrapper.cfbundle; includeInIndex = 0; path = InstagramGridPreviewTests.xctest; sourceTree = BUILT_PRODUCTS_DIR; };
		BBC03DFA2C8FAC2F004688A4 /* InstagramGridPreviewTests.swift */ = {isa = PBXFileReference; lastKnownFileType = sourcecode.swift; path = InstagramGridPreviewTests.swift; sourceTree = "<group>"; };
		BBC03E002C8FAC2F004688A4 /* InstagramGridPreviewUITests.xctest */ = {isa = PBXFileReference; explicitFileType = wrapper.cfbundle; includeInIndex = 0; path = InstagramGridPreviewUITests.xctest; sourceTree = BUILT_PRODUCTS_DIR; };
		BBC03E042C8FAC2F004688A4 /* InstagramGridPreviewUITests.swift */ = {isa = PBXFileReference; lastKnownFileType = sourcecode.swift; path = InstagramGridPreviewUITests.swift; sourceTree = "<group>"; };
		BBC03E062C8FAC2F004688A4 /* InstagramGridPreviewUITestsLaunchTests.swift */ = {isa = PBXFileReference; lastKnownFileType = sourcecode.swift; path = InstagramGridPreviewUITestsLaunchTests.swift; sourceTree = "<group>"; };
		BBC03E192C8FAD7D004688A4 /* ImagePickerView.swift */ = {isa = PBXFileReference; lastKnownFileType = sourcecode.swift; path = ImagePickerView.swift; sourceTree = "<group>"; };
		BBC03E1B2C8FAD8C004688A4 /* HomeView.swift */ = {isa = PBXFileReference; lastKnownFileType = sourcecode.swift; path = HomeView.swift; sourceTree = "<group>"; };
		BBC03E1D2C8FADBE004688A4 /* HomeViewModel.swift */ = {isa = PBXFileReference; lastKnownFileType = sourcecode.swift; path = HomeViewModel.swift; sourceTree = "<group>"; };
		BBC03E1F2C8FADE2004688A4 /* PersistenceController.swift */ = {isa = PBXFileReference; lastKnownFileType = sourcecode.swift; path = PersistenceController.swift; sourceTree = "<group>"; };
		BBEC5FC02C95BE5000BB0F03 /* ReordableForEach.swift */ = {isa = PBXFileReference; lastKnownFileType = sourcecode.swift; path = ReordableForEach.swift; sourceTree = "<group>"; };
		BBEC5FC22C95BEC000BB0F03 /* ReordableDragRelocate.swift */ = {isa = PBXFileReference; lastKnownFileType = sourcecode.swift; path = ReordableDragRelocate.swift; sourceTree = "<group>"; };
		BBFF11982C948C5C002A7BFB /* Extension.swift */ = {isa = PBXFileReference; lastKnownFileType = sourcecode.swift; path = Extension.swift; sourceTree = "<group>"; };
		BBFF11A72C94A5FD002A7BFB /* Localizable.xcstrings */ = {isa = PBXFileReference; lastKnownFileType = text.json.xcstrings; path = Localizable.xcstrings; sourceTree = "<group>"; };
/* End PBXFileReference section */

/* Begin PBXFrameworksBuildPhase section */
		BBC03DDE2C8FAC2D004688A4 /* Frameworks */ = {
			isa = PBXFrameworksBuildPhase;
			buildActionMask = 2147483647;
			files = (
			);
			runOnlyForDeploymentPostprocessing = 0;
		};
		BBC03DF32C8FAC2E004688A4 /* Frameworks */ = {
			isa = PBXFrameworksBuildPhase;
			buildActionMask = 2147483647;
			files = (
			);
			runOnlyForDeploymentPostprocessing = 0;
		};
		BBC03DFD2C8FAC2F004688A4 /* Frameworks */ = {
			isa = PBXFrameworksBuildPhase;
			buildActionMask = 2147483647;
			files = (
			);
			runOnlyForDeploymentPostprocessing = 0;
		};
/* End PBXFrameworksBuildPhase section */

/* Begin PBXGroup section */
		BB020DE32CA87E92009AAA42 /* Onboarding */ = {
			isa = PBXGroup;
			children = (
				BB020DE72CA87EDE009AAA42 /* View */,
				BB020DE52CA87EC0009AAA42 /* ViewModel */,
			);
			path = Onboarding;
			sourceTree = "<group>";
		};
		BB020DE52CA87EC0009AAA42 /* ViewModel */ = {
			isa = PBXGroup;
			children = (
				BB020DEA2CA89BA1009AAA42 /* OnboardingViewModel.swift */,
			);
			path = ViewModel;
			sourceTree = "<group>";
		};
		BB020DE72CA87EDE009AAA42 /* View */ = {
			isa = PBXGroup;
			children = (
				BB020DE82CA87EEE009AAA42 /* OnboardingView.swift */,
			);
			path = View;
			sourceTree = "<group>";
		};
		BB34E96E2C90480E0028F674 /* Gallery */ = {
			isa = PBXGroup;
			children = (
				BB34E9792C904F740028F674 /* Models */,
				BB34E9722C9048580028F674 /* ViewModels */,
				BB34E9712C90483B0028F674 /* Views */,
			);
			path = Gallery;
			sourceTree = "<group>";
		};
		BB34E9712C90483B0028F674 /* Views */ = {
			isa = PBXGroup;
			children = (
				BB34E96F2C90481D0028F674 /* GalleryView.swift */,
			);
			path = Views;
			sourceTree = "<group>";
		};
		BB34E9722C9048580028F674 /* ViewModels */ = {
			isa = PBXGroup;
			children = (
				BB34E9752C9048FE0028F674 /* GalleryViewModel.swift */,
			);
			path = ViewModels;
			sourceTree = "<group>";
		};
		BB34E9792C904F740028F674 /* Models */ = {
			isa = PBXGroup;
			children = (
				BB34E97A2C904F910028F674 /* SelectableImage.swift */,
			);
			path = Models;
			sourceTree = "<group>";
		};
		BBC03DD82C8FAC2D004688A4 = {
			isa = PBXGroup;
			children = (
				BBC03DE32C8FAC2E004688A4 /* InstagramGridPreview */,
				BBC03DF92C8FAC2E004688A4 /* InstagramGridPreviewTests */,
				BBC03E032C8FAC2F004688A4 /* InstagramGridPreviewUITests */,
				BBC03DE22C8FAC2E004688A4 /* Products */,
			);
			sourceTree = "<group>";
		};
		BBC03DE22C8FAC2E004688A4 /* Products */ = {
			isa = PBXGroup;
			children = (
				BBC03DE12C8FAC2E004688A4 /* InstagramGridPreview.app */,
				BBC03DF62C8FAC2E004688A4 /* InstagramGridPreviewTests.xctest */,
				BBC03E002C8FAC2F004688A4 /* InstagramGridPreviewUITests.xctest */,
			);
			name = Products;
			sourceTree = "<group>";
		};
		BBC03DE32C8FAC2E004688A4 /* InstagramGridPreview */ = {
			isa = PBXGroup;
			children = (
				BB020DE32CA87E92009AAA42 /* Onboarding */,
				BBEC5FBD2C95299E00BB0F03 /* Helpers */,
				BBFF11972C948BC8002A7BFB /* extensions */,
				BB34E96E2C90480E0028F674 /* Gallery */,
				BBC03E172C8FAD5E004688A4 /* ImagePıcker */,
				BBC03E142C8FACEE004688A4 /* Home */,
				BBC03E132C8FACDB004688A4 /* Persistances */,
				BBC03DE42C8FAC2E004688A4 /* InstagramGridPreviewApp.swift */,
				BBC03DE62C8FAC2E004688A4 /* ContentView.swift */,
				BBC03DE82C8FAC2E004688A4 /* Assets.xcassets */,
				BBC03DEF2C8FAC2E004688A4 /* ImageModel.xcdatamodeld */,
				BBC03DEA2C8FAC2E004688A4 /* Preview Content */,
				BB34E9772C904B9E0028F674 /* Constants.swift */,
				BBFF11A72C94A5FD002A7BFB /* Localizable.xcstrings */,
			);
			path = InstagramGridPreview;
			sourceTree = "<group>";
		};
		BBC03DEA2C8FAC2E004688A4 /* Preview Content */ = {
			isa = PBXGroup;
			children = (
				BBC03DEB2C8FAC2E004688A4 /* Preview Assets.xcassets */,
			);
			path = "Preview Content";
			sourceTree = "<group>";
		};
		BBC03DF92C8FAC2E004688A4 /* InstagramGridPreviewTests */ = {
			isa = PBXGroup;
			children = (
				BBC03DFA2C8FAC2F004688A4 /* InstagramGridPreviewTests.swift */,
			);
			path = InstagramGridPreviewTests;
			sourceTree = "<group>";
		};
		BBC03E032C8FAC2F004688A4 /* InstagramGridPreviewUITests */ = {
			isa = PBXGroup;
			children = (
				BBC03E042C8FAC2F004688A4 /* InstagramGridPreviewUITests.swift */,
				BBC03E062C8FAC2F004688A4 /* InstagramGridPreviewUITestsLaunchTests.swift */,
			);
			path = InstagramGridPreviewUITests;
			sourceTree = "<group>";
		};
		BBC03E132C8FACDB004688A4 /* Persistances */ = {
			isa = PBXGroup;
			children = (
				BBC03E1F2C8FADE2004688A4 /* PersistenceController.swift */,
			);
			path = Persistances;
			sourceTree = "<group>";
		};
		BBC03E142C8FACEE004688A4 /* Home */ = {
			isa = PBXGroup;
			children = (
				BBC03E162C8FAD21004688A4 /* ViewModel */,
				BBC03E152C8FAD19004688A4 /* View */,
			);
			path = Home;
			sourceTree = "<group>";
		};
		BBC03E152C8FAD19004688A4 /* View */ = {
			isa = PBXGroup;
			children = (
				BBC03E1B2C8FAD8C004688A4 /* HomeView.swift */,
				BB34E96A2C90368B0028F674 /* PhotosView.swift */,
				BB34E96C2C9036B20028F674 /* ReelsView.swift */,
				BB34E9732C9048910028F674 /* ItemsGridView.swift */,
			);
			path = View;
			sourceTree = "<group>";
		};
		BBC03E162C8FAD21004688A4 /* ViewModel */ = {
			isa = PBXGroup;
			children = (
				BBC03E1D2C8FADBE004688A4 /* HomeViewModel.swift */,
			);
			path = ViewModel;
			sourceTree = "<group>";
		};
		BBC03E172C8FAD5E004688A4 /* ImagePıcker */ = {
			isa = PBXGroup;
			children = (
				BBC03E182C8FAD6C004688A4 /* View */,
			);
			path = "ImagePıcker";
			sourceTree = "<group>";
		};
		BBC03E182C8FAD6C004688A4 /* View */ = {
			isa = PBXGroup;
			children = (
				BBC03E192C8FAD7D004688A4 /* ImagePickerView.swift */,
			);
			path = View;
			sourceTree = "<group>";
		};
		BBEC5FBD2C95299E00BB0F03 /* Helpers */ = {
			isa = PBXGroup;
			children = (
				BBEC5FC02C95BE5000BB0F03 /* ReordableForEach.swift */,
				BBEC5FC22C95BEC000BB0F03 /* ReordableDragRelocate.swift */,
			);
			path = Helpers;
			sourceTree = "<group>";
		};
		BBFF11972C948BC8002A7BFB /* extensions */ = {
			isa = PBXGroup;
			children = (
				BBFF11982C948C5C002A7BFB /* Extension.swift */,
			);
			path = extensions;
			sourceTree = "<group>";
		};
/* End PBXGroup section */

/* Begin PBXNativeTarget section */
		BBC03DE02C8FAC2D004688A4 /* InstagramGridPreview */ = {
			isa = PBXNativeTarget;
			buildConfigurationList = BBC03E0A2C8FAC2F004688A4 /* Build configuration list for PBXNativeTarget "InstagramGridPreview" */;
			buildPhases = (
				BBC03DDD2C8FAC2D004688A4 /* Sources */,
				BBC03DDE2C8FAC2D004688A4 /* Frameworks */,
				BBC03DDF2C8FAC2D004688A4 /* Resources */,
			);
			buildRules = (
			);
			dependencies = (
			);
			name = InstagramGridPreview;
			productName = InstagramGridPreview;
			productReference = BBC03DE12C8FAC2E004688A4 /* InstagramGridPreview.app */;
			productType = "com.apple.product-type.application";
		};
		BBC03DF52C8FAC2E004688A4 /* InstagramGridPreviewTests */ = {
			isa = PBXNativeTarget;
			buildConfigurationList = BBC03E0D2C8FAC2F004688A4 /* Build configuration list for PBXNativeTarget "InstagramGridPreviewTests" */;
			buildPhases = (
				BBC03DF22C8FAC2E004688A4 /* Sources */,
				BBC03DF32C8FAC2E004688A4 /* Frameworks */,
				BBC03DF42C8FAC2E004688A4 /* Resources */,
			);
			buildRules = (
			);
			dependencies = (
				BBC03DF82C8FAC2E004688A4 /* PBXTargetDependency */,
			);
			name = InstagramGridPreviewTests;
			productName = InstagramGridPreviewTests;
			productReference = BBC03DF62C8FAC2E004688A4 /* InstagramGridPreviewTests.xctest */;
			productType = "com.apple.product-type.bundle.unit-test";
		};
		BBC03DFF2C8FAC2F004688A4 /* InstagramGridPreviewUITests */ = {
			isa = PBXNativeTarget;
			buildConfigurationList = BBC03E102C8FAC2F004688A4 /* Build configuration list for PBXNativeTarget "InstagramGridPreviewUITests" */;
			buildPhases = (
				BBC03DFC2C8FAC2F004688A4 /* Sources */,
				BBC03DFD2C8FAC2F004688A4 /* Frameworks */,
				BBC03DFE2C8FAC2F004688A4 /* Resources */,
			);
			buildRules = (
			);
			dependencies = (
				BBC03E022C8FAC2F004688A4 /* PBXTargetDependency */,
			);
			name = InstagramGridPreviewUITests;
			productName = InstagramGridPreviewUITests;
			productReference = BBC03E002C8FAC2F004688A4 /* InstagramGridPreviewUITests.xctest */;
			productType = "com.apple.product-type.bundle.ui-testing";
		};
/* End PBXNativeTarget section */

/* Begin PBXProject section */
		BBC03DD92C8FAC2D004688A4 /* Project object */ = {
			isa = PBXProject;
			attributes = {
				BuildIndependentTargetsInParallel = 1;
				LastSwiftUpdateCheck = 1500;
				LastUpgradeCheck = 1500;
				TargetAttributes = {
					BBC03DE02C8FAC2D004688A4 = {
						CreatedOnToolsVersion = 15.0.1;
					};
					BBC03DF52C8FAC2E004688A4 = {
						CreatedOnToolsVersion = 15.0.1;
						TestTargetID = BBC03DE02C8FAC2D004688A4;
					};
					BBC03DFF2C8FAC2F004688A4 = {
						CreatedOnToolsVersion = 15.0.1;
						TestTargetID = BBC03DE02C8FAC2D004688A4;
					};
				};
			};
			buildConfigurationList = BBC03DDC2C8FAC2D004688A4 /* Build configuration list for PBXProject "InstagramGridPreview" */;
			compatibilityVersion = "Xcode 14.0";
			developmentRegion = en;
			hasScannedForEncodings = 0;
			knownRegions = (
				en,
				Base,
				tr,
			);
			mainGroup = BBC03DD82C8FAC2D004688A4;
			productRefGroup = BBC03DE22C8FAC2E004688A4 /* Products */;
			projectDirPath = "";
			projectRoot = "";
			targets = (
				BBC03DE02C8FAC2D004688A4 /* InstagramGridPreview */,
				BBC03DF52C8FAC2E004688A4 /* InstagramGridPreviewTests */,
				BBC03DFF2C8FAC2F004688A4 /* InstagramGridPreviewUITests */,
			);
		};
/* End PBXProject section */

/* Begin PBXResourcesBuildPhase section */
		BBC03DDF2C8FAC2D004688A4 /* Resources */ = {
			isa = PBXResourcesBuildPhase;
			buildActionMask = 2147483647;
			files = (
				BBC03DEC2C8FAC2E004688A4 /* Preview Assets.xcassets in Resources */,
				BBFF11A82C94A5FD002A7BFB /* Localizable.xcstrings in Resources */,
				BBC03DE92C8FAC2E004688A4 /* Assets.xcassets in Resources */,
			);
			runOnlyForDeploymentPostprocessing = 0;
		};
		BBC03DF42C8FAC2E004688A4 /* Resources */ = {
			isa = PBXResourcesBuildPhase;
			buildActionMask = 2147483647;
			files = (
			);
			runOnlyForDeploymentPostprocessing = 0;
		};
		BBC03DFE2C8FAC2F004688A4 /* Resources */ = {
			isa = PBXResourcesBuildPhase;
			buildActionMask = 2147483647;
			files = (
			);
			runOnlyForDeploymentPostprocessing = 0;
		};
/* End PBXResourcesBuildPhase section */

/* Begin PBXSourcesBuildPhase section */
		BBC03DDD2C8FAC2D004688A4 /* Sources */ = {
			isa = PBXSourcesBuildPhase;
			buildActionMask = 2147483647;
			files = (
				BBFF11992C948C5C002A7BFB /* Extension.swift in Sources */,
				BBEC5FC32C95BEC000BB0F03 /* ReordableDragRelocate.swift in Sources */,
				BBC03DF12C8FAC2E004688A4 /* ImageModel.xcdatamodeld in Sources */,
				BB020DE92CA87EEE009AAA42 /* OnboardingView.swift in Sources */,
				BB34E97B2C904F910028F674 /* SelectableImage.swift in Sources */,
				BB34E9762C9048FE0028F674 /* GalleryViewModel.swift in Sources */,
				BBC03E1E2C8FADBE004688A4 /* HomeViewModel.swift in Sources */,
				BB34E96B2C90368B0028F674 /* PhotosView.swift in Sources */,
				BBC03DE72C8FAC2E004688A4 /* ContentView.swift in Sources */,
				BBC03E1C2C8FAD8C004688A4 /* HomeView.swift in Sources */,
				BB34E9742C9048910028F674 /* ItemsGridView.swift in Sources */,
				BB34E9782C904B9E0028F674 /* Constants.swift in Sources */,
				BB020DEB2CA89BA1009AAA42 /* OnboardingViewModel.swift in Sources */,
				BBC03DE52C8FAC2E004688A4 /* InstagramGridPreviewApp.swift in Sources */,
				BBC03E1A2C8FAD7D004688A4 /* ImagePickerView.swift in Sources */,
				BB34E96D2C9036B20028F674 /* ReelsView.swift in Sources */,
				BBEC5FC12C95BE5000BB0F03 /* ReordableForEach.swift in Sources */,
				BBC03E202C8FADE2004688A4 /* PersistenceController.swift in Sources */,
				BB34E9702C90481D0028F674 /* GalleryView.swift in Sources */,
			);
			runOnlyForDeploymentPostprocessing = 0;
		};
		BBC03DF22C8FAC2E004688A4 /* Sources */ = {
			isa = PBXSourcesBuildPhase;
			buildActionMask = 2147483647;
			files = (
				BBC03DFB2C8FAC2F004688A4 /* InstagramGridPreviewTests.swift in Sources */,
			);
			runOnlyForDeploymentPostprocessing = 0;
		};
		BBC03DFC2C8FAC2F004688A4 /* Sources */ = {
			isa = PBXSourcesBuildPhase;
			buildActionMask = 2147483647;
			files = (
				BBC03E072C8FAC2F004688A4 /* InstagramGridPreviewUITestsLaunchTests.swift in Sources */,
				BBC03E052C8FAC2F004688A4 /* InstagramGridPreviewUITests.swift in Sources */,
			);
			runOnlyForDeploymentPostprocessing = 0;
		};
/* End PBXSourcesBuildPhase section */

/* Begin PBXTargetDependency section */
		BBC03DF82C8FAC2E004688A4 /* PBXTargetDependency */ = {
			isa = PBXTargetDependency;
			target = BBC03DE02C8FAC2D004688A4 /* InstagramGridPreview */;
			targetProxy = BBC03DF72C8FAC2E004688A4 /* PBXContainerItemProxy */;
		};
		BBC03E022C8FAC2F004688A4 /* PBXTargetDependency */ = {
			isa = PBXTargetDependency;
			target = BBC03DE02C8FAC2D004688A4 /* InstagramGridPreview */;
			targetProxy = BBC03E012C8FAC2F004688A4 /* PBXContainerItemProxy */;
		};
/* End PBXTargetDependency section */

/* Begin XCBuildConfiguration section */
		BBC03E082C8FAC2F004688A4 /* Debug */ = {
			isa = XCBuildConfiguration;
			buildSettings = {
				ALWAYS_SEARCH_USER_PATHS = NO;
				ASSETCATALOG_COMPILER_GENERATE_SWIFT_ASSET_SYMBOL_EXTENSIONS = YES;
				CLANG_ANALYZER_NONNULL = YES;
				CLANG_ANALYZER_NUMBER_OBJECT_CONVERSION = YES_AGGRESSIVE;
				CLANG_CXX_LANGUAGE_STANDARD = "gnu++20";
				CLANG_ENABLE_MODULES = YES;
				CLANG_ENABLE_OBJC_ARC = YES;
				CLANG_ENABLE_OBJC_WEAK = YES;
				CLANG_WARN_BLOCK_CAPTURE_AUTORELEASING = YES;
				CLANG_WARN_BOOL_CONVERSION = YES;
				CLANG_WARN_COMMA = YES;
				CLANG_WARN_CONSTANT_CONVERSION = YES;
				CLANG_WARN_DEPRECATED_OBJC_IMPLEMENTATIONS = YES;
				CLANG_WARN_DIRECT_OBJC_ISA_USAGE = YES_ERROR;
				CLANG_WARN_DOCUMENTATION_COMMENTS = YES;
				CLANG_WARN_EMPTY_BODY = YES;
				CLANG_WARN_ENUM_CONVERSION = YES;
				CLANG_WARN_INFINITE_RECURSION = YES;
				CLANG_WARN_INT_CONVERSION = YES;
				CLANG_WARN_NON_LITERAL_NULL_CONVERSION = YES;
				CLANG_WARN_OBJC_IMPLICIT_RETAIN_SELF = YES;
				CLANG_WARN_OBJC_LITERAL_CONVERSION = YES;
				CLANG_WARN_OBJC_ROOT_CLASS = YES_ERROR;
				CLANG_WARN_QUOTED_INCLUDE_IN_FRAMEWORK_HEADER = YES;
				CLANG_WARN_RANGE_LOOP_ANALYSIS = YES;
				CLANG_WARN_STRICT_PROTOTYPES = YES;
				CLANG_WARN_SUSPICIOUS_MOVE = YES;
				CLANG_WARN_UNGUARDED_AVAILABILITY = YES_AGGRESSIVE;
				CLANG_WARN_UNREACHABLE_CODE = YES;
				CLANG_WARN__DUPLICATE_METHOD_MATCH = YES;
				COPY_PHASE_STRIP = NO;
				DEBUG_INFORMATION_FORMAT = dwarf;
				ENABLE_STRICT_OBJC_MSGSEND = YES;
				ENABLE_TESTABILITY = YES;
				ENABLE_USER_SCRIPT_SANDBOXING = YES;
				GCC_C_LANGUAGE_STANDARD = gnu17;
				GCC_DYNAMIC_NO_PIC = NO;
				GCC_NO_COMMON_BLOCKS = YES;
				GCC_OPTIMIZATION_LEVEL = 0;
				GCC_PREPROCESSOR_DEFINITIONS = (
					"DEBUG=1",
					"$(inherited)",
				);
				GCC_WARN_64_TO_32_BIT_CONVERSION = YES;
				GCC_WARN_ABOUT_RETURN_TYPE = YES_ERROR;
				GCC_WARN_UNDECLARED_SELECTOR = YES;
				GCC_WARN_UNINITIALIZED_AUTOS = YES_AGGRESSIVE;
				GCC_WARN_UNUSED_FUNCTION = YES;
				GCC_WARN_UNUSED_VARIABLE = YES;
				IPHONEOS_DEPLOYMENT_TARGET = 17.0;
				LOCALIZATION_PREFERS_STRING_CATALOGS = YES;
				MTL_ENABLE_DEBUG_INFO = INCLUDE_SOURCE;
				MTL_FAST_MATH = YES;
				ONLY_ACTIVE_ARCH = YES;
				SDKROOT = iphoneos;
				SWIFT_ACTIVE_COMPILATION_CONDITIONS = "DEBUG $(inherited)";
				SWIFT_OPTIMIZATION_LEVEL = "-Onone";
			};
			name = Debug;
		};
		BBC03E092C8FAC2F004688A4 /* Release */ = {
			isa = XCBuildConfiguration;
			buildSettings = {
				ALWAYS_SEARCH_USER_PATHS = NO;
				ASSETCATALOG_COMPILER_GENERATE_SWIFT_ASSET_SYMBOL_EXTENSIONS = YES;
				CLANG_ANALYZER_NONNULL = YES;
				CLANG_ANALYZER_NUMBER_OBJECT_CONVERSION = YES_AGGRESSIVE;
				CLANG_CXX_LANGUAGE_STANDARD = "gnu++20";
				CLANG_ENABLE_MODULES = YES;
				CLANG_ENABLE_OBJC_ARC = YES;
				CLANG_ENABLE_OBJC_WEAK = YES;
				CLANG_WARN_BLOCK_CAPTURE_AUTORELEASING = YES;
				CLANG_WARN_BOOL_CONVERSION = YES;
				CLANG_WARN_COMMA = YES;
				CLANG_WARN_CONSTANT_CONVERSION = YES;
				CLANG_WARN_DEPRECATED_OBJC_IMPLEMENTATIONS = YES;
				CLANG_WARN_DIRECT_OBJC_ISA_USAGE = YES_ERROR;
				CLANG_WARN_DOCUMENTATION_COMMENTS = YES;
				CLANG_WARN_EMPTY_BODY = YES;
				CLANG_WARN_ENUM_CONVERSION = YES;
				CLANG_WARN_INFINITE_RECURSION = YES;
				CLANG_WARN_INT_CONVERSION = YES;
				CLANG_WARN_NON_LITERAL_NULL_CONVERSION = YES;
				CLANG_WARN_OBJC_IMPLICIT_RETAIN_SELF = YES;
				CLANG_WARN_OBJC_LITERAL_CONVERSION = YES;
				CLANG_WARN_OBJC_ROOT_CLASS = YES_ERROR;
				CLANG_WARN_QUOTED_INCLUDE_IN_FRAMEWORK_HEADER = YES;
				CLANG_WARN_RANGE_LOOP_ANALYSIS = YES;
				CLANG_WARN_STRICT_PROTOTYPES = YES;
				CLANG_WARN_SUSPICIOUS_MOVE = YES;
				CLANG_WARN_UNGUARDED_AVAILABILITY = YES_AGGRESSIVE;
				CLANG_WARN_UNREACHABLE_CODE = YES;
				CLANG_WARN__DUPLICATE_METHOD_MATCH = YES;
				COPY_PHASE_STRIP = NO;
				DEBUG_INFORMATION_FORMAT = "dwarf-with-dsym";
				ENABLE_NS_ASSERTIONS = NO;
				ENABLE_STRICT_OBJC_MSGSEND = YES;
				ENABLE_USER_SCRIPT_SANDBOXING = YES;
				GCC_C_LANGUAGE_STANDARD = gnu17;
				GCC_NO_COMMON_BLOCKS = YES;
				GCC_WARN_64_TO_32_BIT_CONVERSION = YES;
				GCC_WARN_ABOUT_RETURN_TYPE = YES_ERROR;
				GCC_WARN_UNDECLARED_SELECTOR = YES;
				GCC_WARN_UNINITIALIZED_AUTOS = YES_AGGRESSIVE;
				GCC_WARN_UNUSED_FUNCTION = YES;
				GCC_WARN_UNUSED_VARIABLE = YES;
				IPHONEOS_DEPLOYMENT_TARGET = 17.0;
				LOCALIZATION_PREFERS_STRING_CATALOGS = YES;
				MTL_ENABLE_DEBUG_INFO = NO;
				MTL_FAST_MATH = YES;
				SDKROOT = iphoneos;
				SWIFT_COMPILATION_MODE = wholemodule;
				VALIDATE_PRODUCT = YES;
			};
			name = Release;
		};
		BBC03E0B2C8FAC2F004688A4 /* Debug */ = {
			isa = XCBuildConfiguration;
			buildSettings = {
				ASSETCATALOG_COMPILER_APPICON_NAME = AppIcon;
				ASSETCATALOG_COMPILER_GLOBAL_ACCENT_COLOR_NAME = AccentColor;
				ASSETCATALOG_COMPILER_INCLUDE_ALL_APPICON_ASSETS = NO;
				CODE_SIGN_STYLE = Automatic;
				CURRENT_PROJECT_VERSION = 4;
				DEVELOPMENT_ASSET_PATHS = "\"InstagramGridPreview/Preview Content\"";
				DEVELOPMENT_TEAM = AY8MN643FP;
				ENABLE_PREVIEWS = YES;
				GENERATE_INFOPLIST_FILE = YES;
				INFOPLIST_KEY_CFBundleDisplayName = "Grid Preview";
				INFOPLIST_KEY_LSApplicationCategoryType = "public.app-category.photography";
				INFOPLIST_KEY_NSPhotoLibraryUsageDescription = "We need access to your photo library to select and upload images.";
				INFOPLIST_KEY_UIApplicationSceneManifest_Generation = YES;
				INFOPLIST_KEY_UIApplicationSupportsIndirectInputEvents = YES;
				INFOPLIST_KEY_UILaunchScreen_Generation = YES;
				INFOPLIST_KEY_UISupportedInterfaceOrientations_iPad = "UIInterfaceOrientationPortrait UIInterfaceOrientationPortraitUpsideDown UIInterfaceOrientationLandscapeLeft UIInterfaceOrientationLandscapeRight";
				INFOPLIST_KEY_UISupportedInterfaceOrientations_iPhone = "UIInterfaceOrientationPortrait UIInterfaceOrientationLandscapeLeft UIInterfaceOrientationLandscapeRight";
				IPHONEOS_DEPLOYMENT_TARGET = 16.0;
				LD_RUNPATH_SEARCH_PATHS = (
					"$(inherited)",
					"@executable_path/Frameworks",
				);
				MARKETING_VERSION = 1.0.0;
				PRODUCT_BUNDLE_IDENTIFIER = com.kamay.InstagramGridPreview;
				PRODUCT_NAME = "$(TARGET_NAME)";
				SWIFT_EMIT_LOC_STRINGS = YES;
				SWIFT_VERSION = 5.0;
				TARGETED_DEVICE_FAMILY = "1,2";
			};
			name = Debug;
		};
		BBC03E0C2C8FAC2F004688A4 /* Release */ = {
			isa = XCBuildConfiguration;
			buildSettings = {
				ASSETCATALOG_COMPILER_APPICON_NAME = AppIcon;
				ASSETCATALOG_COMPILER_GLOBAL_ACCENT_COLOR_NAME = AccentColor;
				ASSETCATALOG_COMPILER_INCLUDE_ALL_APPICON_ASSETS = NO;
				CODE_SIGN_STYLE = Automatic;
				CURRENT_PROJECT_VERSION = 4;
				DEVELOPMENT_ASSET_PATHS = "\"InstagramGridPreview/Preview Content\"";
				DEVELOPMENT_TEAM = AY8MN643FP;
				ENABLE_PREVIEWS = YES;
				GENERATE_INFOPLIST_FILE = YES;
				INFOPLIST_KEY_CFBundleDisplayName = "Grid Preview";
				INFOPLIST_KEY_LSApplicationCategoryType = "public.app-category.photography";
				INFOPLIST_KEY_NSPhotoLibraryUsageDescription = "We need access to your photo library to select and upload images.";
				INFOPLIST_KEY_UIApplicationSceneManifest_Generation = YES;
				INFOPLIST_KEY_UIApplicationSupportsIndirectInputEvents = YES;
				INFOPLIST_KEY_UILaunchScreen_Generation = YES;
				INFOPLIST_KEY_UISupportedInterfaceOrientations_iPad = "UIInterfaceOrientationPortrait UIInterfaceOrientationPortraitUpsideDown UIInterfaceOrientationLandscapeLeft UIInterfaceOrientationLandscapeRight";
				INFOPLIST_KEY_UISupportedInterfaceOrientations_iPhone = "UIInterfaceOrientationPortrait UIInterfaceOrientationLandscapeLeft UIInterfaceOrientationLandscapeRight";
				IPHONEOS_DEPLOYMENT_TARGET = 16.0;
				LD_RUNPATH_SEARCH_PATHS = (
					"$(inherited)",
					"@executable_path/Frameworks",
				);
				MARKETING_VERSION = 1.0.0;
				PRODUCT_BUNDLE_IDENTIFIER = com.kamay.InstagramGridPreview;
				PRODUCT_NAME = "$(TARGET_NAME)";
				SWIFT_EMIT_LOC_STRINGS = YES;
				SWIFT_VERSION = 5.0;
				TARGETED_DEVICE_FAMILY = "1,2";
			};
			name = Release;
		};
		BBC03E0E2C8FAC2F004688A4 /* Debug */ = {
			isa = XCBuildConfiguration;
			buildSettings = {
				ALWAYS_EMBED_SWIFT_STANDARD_LIBRARIES = YES;
				BUNDLE_LOADER = "$(TEST_HOST)";
				CODE_SIGN_STYLE = Automatic;
				CURRENT_PROJECT_VERSION = 1;
				DEVELOPMENT_TEAM = AY8MN643FP;
				GENERATE_INFOPLIST_FILE = YES;
				IPHONEOS_DEPLOYMENT_TARGET = 17.0;
				MARKETING_VERSION = 1.0;
				PRODUCT_BUNDLE_IDENTIFIER = com.kamay.InstagramGridPreviewTests;
				PRODUCT_NAME = "$(TARGET_NAME)";
				SWIFT_EMIT_LOC_STRINGS = NO;
				SWIFT_VERSION = 5.0;
				TARGETED_DEVICE_FAMILY = "1,2";
				TEST_HOST = "$(BUILT_PRODUCTS_DIR)/InstagramGridPreview.app/$(BUNDLE_EXECUTABLE_FOLDER_PATH)/InstagramGridPreview";
			};
			name = Debug;
		};
		BBC03E0F2C8FAC2F004688A4 /* Release */ = {
			isa = XCBuildConfiguration;
			buildSettings = {
				ALWAYS_EMBED_SWIFT_STANDARD_LIBRARIES = YES;
				BUNDLE_LOADER = "$(TEST_HOST)";
				CODE_SIGN_STYLE = Automatic;
				CURRENT_PROJECT_VERSION = 1;
				DEVELOPMENT_TEAM = AY8MN643FP;
				GENERATE_INFOPLIST_FILE = YES;
				IPHONEOS_DEPLOYMENT_TARGET = 17.0;
				MARKETING_VERSION = 1.0;
				PRODUCT_BUNDLE_IDENTIFIER = com.kamay.InstagramGridPreviewTests;
				PRODUCT_NAME = "$(TARGET_NAME)";
				SWIFT_EMIT_LOC_STRINGS = NO;
				SWIFT_VERSION = 5.0;
				TARGETED_DEVICE_FAMILY = "1,2";
				TEST_HOST = "$(BUILT_PRODUCTS_DIR)/InstagramGridPreview.app/$(BUNDLE_EXECUTABLE_FOLDER_PATH)/InstagramGridPreview";
			};
			name = Release;
		};
		BBC03E112C8FAC2F004688A4 /* Debug */ = {
			isa = XCBuildConfiguration;
			buildSettings = {
				ALWAYS_EMBED_SWIFT_STANDARD_LIBRARIES = YES;
				CODE_SIGN_STYLE = Automatic;
				CURRENT_PROJECT_VERSION = 1;
				DEVELOPMENT_TEAM = AY8MN643FP;
				GENERATE_INFOPLIST_FILE = YES;
				MARKETING_VERSION = 1.0;
				PRODUCT_BUNDLE_IDENTIFIER = com.kamay.InstagramGridPreviewUITests;
				PRODUCT_NAME = "$(TARGET_NAME)";
				SWIFT_EMIT_LOC_STRINGS = NO;
				SWIFT_VERSION = 5.0;
				TARGETED_DEVICE_FAMILY = "1,2";
				TEST_TARGET_NAME = InstagramGridPreview;
			};
			name = Debug;
		};
		BBC03E122C8FAC2F004688A4 /* Release */ = {
			isa = XCBuildConfiguration;
			buildSettings = {
				ALWAYS_EMBED_SWIFT_STANDARD_LIBRARIES = YES;
				CODE_SIGN_STYLE = Automatic;
				CURRENT_PROJECT_VERSION = 1;
				DEVELOPMENT_TEAM = AY8MN643FP;
				GENERATE_INFOPLIST_FILE = YES;
				MARKETING_VERSION = 1.0;
				PRODUCT_BUNDLE_IDENTIFIER = com.kamay.InstagramGridPreviewUITests;
				PRODUCT_NAME = "$(TARGET_NAME)";
				SWIFT_EMIT_LOC_STRINGS = NO;
				SWIFT_VERSION = 5.0;
				TARGETED_DEVICE_FAMILY = "1,2";
				TEST_TARGET_NAME = InstagramGridPreview;
			};
			name = Release;
		};
/* End XCBuildConfiguration section */

/* Begin XCConfigurationList section */
		BBC03DDC2C8FAC2D004688A4 /* Build configuration list for PBXProject "InstagramGridPreview" */ = {
			isa = XCConfigurationList;
			buildConfigurations = (
				BBC03E082C8FAC2F004688A4 /* Debug */,
				BBC03E092C8FAC2F004688A4 /* Release */,
			);
			defaultConfigurationIsVisible = 0;
			defaultConfigurationName = Release;
		};
		BBC03E0A2C8FAC2F004688A4 /* Build configuration list for PBXNativeTarget "InstagramGridPreview" */ = {
			isa = XCConfigurationList;
			buildConfigurations = (
				BBC03E0B2C8FAC2F004688A4 /* Debug */,
				BBC03E0C2C8FAC2F004688A4 /* Release */,
			);
			defaultConfigurationIsVisible = 0;
			defaultConfigurationName = Release;
		};
		BBC03E0D2C8FAC2F004688A4 /* Build configuration list for PBXNativeTarget "InstagramGridPreviewTests" */ = {
			isa = XCConfigurationList;
			buildConfigurations = (
				BBC03E0E2C8FAC2F004688A4 /* Debug */,
				BBC03E0F2C8FAC2F004688A4 /* Release */,
			);
			defaultConfigurationIsVisible = 0;
			defaultConfigurationName = Release;
		};
		BBC03E102C8FAC2F004688A4 /* Build configuration list for PBXNativeTarget "InstagramGridPreviewUITests" */ = {
			isa = XCConfigurationList;
			buildConfigurations = (
				BBC03E112C8FAC2F004688A4 /* Debug */,
				BBC03E122C8FAC2F004688A4 /* Release */,
			);
			defaultConfigurationIsVisible = 0;
			defaultConfigurationName = Release;
		};
/* End XCConfigurationList section */

/* Begin XCVersionGroup section */
		BBC03DEF2C8FAC2E004688A4 /* ImageModel.xcdatamodeld */ = {
			isa = XCVersionGroup;
			children = (
				BBC03DF02C8FAC2E004688A4 /* InstagramGridPreview.xcdatamodel */,
			);
			currentVersion = BBC03DF02C8FAC2E004688A4 /* InstagramGridPreview.xcdatamodel */;
			path = ImageModel.xcdatamodeld;
			sourceTree = "<group>";
			versionGroupType = wrapper.xcdatamodel;
		};
/* End XCVersionGroup section */
	};
	rootObject = BBC03DD92C8FAC2D004688A4 /* Project object */;
}
